
Microsoft Visual Studio Solution File, Format Version 12.00
# Visual Studio Version 16
VisualStudioVersion = 16.0.29411.108
MinimumVisualStudioVersion = 10.0.40219.1
Project("{2150E333-8FDC-42A3-9474-1A3956D46DE8}") = "Solution Items", "Solution Items", "{11DEC96A-31A7-414B-9858-86815C90CF13}"
	ProjectSection(SolutionItems) = preProject
		LICENSE.txt = LICENSE.txt
		Performance.md = Performance.md
		README.md = README.md
	EndProjectSection
EndProject
Project("{2150E333-8FDC-42A3-9474-1A3956D46DE8}") = "API", "API", "{898452FA-EE0A-48F2-A101-055E150A8D03}"
EndProject
Project("{9A19103F-16F7-4668-BE54-9A1E7A4F7556}") = "Debugger.Net Core", "Debugger.Net Core\Debugger.Net Core.csproj", "{248BA48A-4504-4CB3-97CA-918D0B250310}"
EndProject
Project("{2150E333-8FDC-42A3-9474-1A3956D46DE8}") = "Tests", "Tests", "{D323591A-620B-4526-9524-759A264CC403}"
EndProject
Project("{D954291E-2A0B-460D-934E-DC6B0785DB48}") = "Source", "Source\Source.shproj", "{72DE337F-6F32-4E42-9CA3-3F4759275E1E}"
EndProject
Project("{2150E333-8FDC-42A3-9474-1A3956D46DE8}") = "Source", "Source", "{50D6D6B9-BDF7-48FB-BF46-99E8AA696755}"
EndProject
Project("{D954291E-2A0B-460D-934E-DC6B0785DB48}") = "Test - Source", "Unit Test\Test - Source\Test - Source.shproj", "{18910D15-46E8-4EA1-91E7-354A1036719B}"
EndProject
Project("{FAE04EC0-301F-11D3-BF4B-00C04F79EFBC}") = "Test.Net", "Unit Test\Test.Net\Test.Net.csproj", "{F12A73EE-6A72-4B76-A617-2724E3C548A8}"
EndProject
Project("{9A19103F-16F7-4668-BE54-9A1E7A4F7556}") = "Test.Net Core", "Unit Test\Test.Net Core\Test.Net Core.csproj", "{6E7C508D-83AD-4939-BD5A-B8C594B27134}"
EndProject
Project("{9A19103F-16F7-4668-BE54-9A1E7A4F7556}") = "Standard2.0", "API\Standard2.0\Standard2.0.csproj", "{0453B75B-3752-45E2-9463-CFFC9F336293}"
EndProject
Project("{9A19103F-16F7-4668-BE54-9A1E7A4F7556}") = "Standard2.1", "API\Standard2.1\Standard2.1.csproj", "{0F4F9793-0472-49FA-B82B-6EF59CCDFB80}"
EndProject
Project("{9A19103F-16F7-4668-BE54-9A1E7A4F7556}") = "NetCore3.1", "API\NetCore3.1\NetCore3.1.csproj", "{EEC15D57-C6FB-4BC5-9A84-184F167AAB0E}"
EndProject
Project("{FAE04EC0-301F-11D3-BF4B-00C04F79EFBC}") = "Framework4.8", "API\Framework4.8\Framework4.8.csproj", "{69EC2EEC-9C95-4A4B-9CA6-E94AED400ECA}"
EndProject
Project("{2150E333-8FDC-42A3-9474-1A3956D46DE8}") = "Debugger", "Debugger", "{F2496212-7EE0-4494-A739-F4D824FCC4A1}"
EndProject
Project("{FAE04EC0-301F-11D3-BF4B-00C04F79EFBC}") = "Net5.0", "API\Net5.0\Net5.0.csproj", "{EB2700BF-A24D-4455-9008-B0638B6DC8A8}"
EndProject
Project("{FAE04EC0-301F-11D3-BF4B-00C04F79EFBC}") = "Test.Net 5.0", "Unit Test\Test.Net 5.0\Test.Net 5.0.csproj", "{84646B80-B236-40CB-BD56-DBE3464F1AA7}"
EndProject
Global
	GlobalSection(SharedMSBuildProjectFiles) = preSolution
		Source\Source.projitems*{0453b75b-3752-45e2-9463-cffc9f336293}*SharedItemsImports = 5
		Source\Source.projitems*{0f4f9793-0472-49fa-b82b-6ef59ccdfb80}*SharedItemsImports = 5
		Unit Test\Test - Source\Test - Source.projitems*{18910d15-46e8-4ea1-91e7-354a1036719b}*SharedItemsImports = 13
		Source\Source.projitems*{248ba48a-4504-4cb3-97ca-918d0b250310}*SharedItemsImports = 5
		Source\Source.projitems*{69ec2eec-9c95-4a4b-9ca6-e94aed400eca}*SharedItemsImports = 4
		Source\Source.projitems*{6e7c508d-83ad-4939-bd5a-b8c594b27134}*SharedItemsImports = 5
		Unit Test\Test - Source\Test - Source.projitems*{6e7c508d-83ad-4939-bd5a-b8c594b27134}*SharedItemsImports = 5
		Source\Source.projitems*{72de337f-6f32-4e42-9ca3-3f4759275e1e}*SharedItemsImports = 13
		Unit Test\Test - Source\Test - Source.projitems*{84646b80-b236-40cb-bd56-dbe3464f1aa7}*SharedItemsImports = 5
		Source\Source.projitems*{eb2700bf-a24d-4455-9008-b0638b6dc8a8}*SharedItemsImports = 5
		Source\Source.projitems*{eec15d57-c6fb-4bc5-9a84-184f167aab0e}*SharedItemsImports = 5
		Source\Source.projitems*{f12a73ee-6a72-4b76-a617-2724e3c548a8}*SharedItemsImports = 4
		Unit Test\Test - Source\Test - Source.projitems*{f12a73ee-6a72-4b76-a617-2724e3c548a8}*SharedItemsImports = 4
	EndGlobalSection
	GlobalSection(SolutionConfigurationPlatforms) = preSolution
		Debug|Any CPU = Debug|Any CPU
		Debug|x64 = Debug|x64
		Debug|x86 = Debug|x86
		Release|Any CPU = Release|Any CPU
		Release|x64 = Release|x64
		Release|x86 = Release|x86
	EndGlobalSection
	GlobalSection(ProjectConfigurationPlatforms) = postSolution
		{248BA48A-4504-4CB3-97CA-918D0B250310}.Debug|Any CPU.ActiveCfg = Debug|Any CPU
		{248BA48A-4504-4CB3-97CA-918D0B250310}.Debug|Any CPU.Build.0 = Debug|Any CPU
		{248BA48A-4504-4CB3-97CA-918D0B250310}.Debug|x64.ActiveCfg = Debug|x64
		{248BA48A-4504-4CB3-97CA-918D0B250310}.Debug|x64.Build.0 = Debug|x64
		{248BA48A-4504-4CB3-97CA-918D0B250310}.Debug|x86.ActiveCfg = Debug|x86
		{248BA48A-4504-4CB3-97CA-918D0B250310}.Debug|x86.Build.0 = Debug|x86
		{248BA48A-4504-4CB3-97CA-918D0B250310}.Release|Any CPU.ActiveCfg = Release|Any CPU
		{248BA48A-4504-4CB3-97CA-918D0B250310}.Release|Any CPU.Build.0 = Release|Any CPU
		{248BA48A-4504-4CB3-97CA-918D0B250310}.Release|x64.ActiveCfg = Release|x64
		{248BA48A-4504-4CB3-97CA-918D0B250310}.Release|x64.Build.0 = Release|x64
		{248BA48A-4504-4CB3-97CA-918D0B250310}.Release|x86.ActiveCfg = Release|x86
		{248BA48A-4504-4CB3-97CA-918D0B250310}.Release|x86.Build.0 = Release|x86
		{F12A73EE-6A72-4B76-A617-2724E3C548A8}.Debug|Any CPU.ActiveCfg = Debug|Any CPU
		{F12A73EE-6A72-4B76-A617-2724E3C548A8}.Debug|Any CPU.Build.0 = Debug|Any CPU
		{F12A73EE-6A72-4B76-A617-2724E3C548A8}.Debug|x64.ActiveCfg = Debug|x64
		{F12A73EE-6A72-4B76-A617-2724E3C548A8}.Debug|x64.Build.0 = Debug|x64
		{F12A73EE-6A72-4B76-A617-2724E3C548A8}.Debug|x86.ActiveCfg = Debug|x86
		{F12A73EE-6A72-4B76-A617-2724E3C548A8}.Debug|x86.Build.0 = Debug|x86
		{F12A73EE-6A72-4B76-A617-2724E3C548A8}.Release|Any CPU.ActiveCfg = Release|Any CPU
		{F12A73EE-6A72-4B76-A617-2724E3C548A8}.Release|Any CPU.Build.0 = Release|Any CPU
		{F12A73EE-6A72-4B76-A617-2724E3C548A8}.Release|x64.ActiveCfg = Release|x64
		{F12A73EE-6A72-4B76-A617-2724E3C548A8}.Release|x64.Build.0 = Release|x64
		{F12A73EE-6A72-4B76-A617-2724E3C548A8}.Release|x86.ActiveCfg = Release|x86
		{F12A73EE-6A72-4B76-A617-2724E3C548A8}.Release|x86.Build.0 = Release|x86
		{6E7C508D-83AD-4939-BD5A-B8C594B27134}.Debug|Any CPU.ActiveCfg = Debug|Any CPU
		{6E7C508D-83AD-4939-BD5A-B8C594B27134}.Debug|Any CPU.Build.0 = Debug|Any CPU
		{6E7C508D-83AD-4939-BD5A-B8C594B27134}.Debug|x64.ActiveCfg = Debug|x64
		{6E7C508D-83AD-4939-BD5A-B8C594B27134}.Debug|x64.Build.0 = Debug|x64
		{6E7C508D-83AD-4939-BD5A-B8C594B27134}.Debug|x86.ActiveCfg = Debug|x86
		{6E7C508D-83AD-4939-BD5A-B8C594B27134}.Debug|x86.Build.0 = Debug|x86
		{6E7C508D-83AD-4939-BD5A-B8C594B27134}.Release|Any CPU.ActiveCfg = Release|Any CPU
		{6E7C508D-83AD-4939-BD5A-B8C594B27134}.Release|Any CPU.Build.0 = Release|Any CPU
		{6E7C508D-83AD-4939-BD5A-B8C594B27134}.Release|x64.ActiveCfg = Release|x64
		{6E7C508D-83AD-4939-BD5A-B8C594B27134}.Release|x64.Build.0 = Release|x64
		{6E7C508D-83AD-4939-BD5A-B8C594B27134}.Release|x86.ActiveCfg = Release|x86
		{6E7C508D-83AD-4939-BD5A-B8C594B27134}.Release|x86.Build.0 = Release|x86
		{0453B75B-3752-45E2-9463-CFFC9F336293}.Debug|Any CPU.ActiveCfg = Debug|Any CPU
		{0453B75B-3752-45E2-9463-CFFC9F336293}.Debug|Any CPU.Build.0 = Debug|Any CPU
		{0453B75B-3752-45E2-9463-CFFC9F336293}.Debug|x64.ActiveCfg = Debug|x64
		{0453B75B-3752-45E2-9463-CFFC9F336293}.Debug|x64.Build.0 = Debug|x64
		{0453B75B-3752-45E2-9463-CFFC9F336293}.Debug|x86.ActiveCfg = Debug|x86
		{0453B75B-3752-45E2-9463-CFFC9F336293}.Debug|x86.Build.0 = Debug|x86
		{0453B75B-3752-45E2-9463-CFFC9F336293}.Release|Any CPU.ActiveCfg = Release|Any CPU
		{0453B75B-3752-45E2-9463-CFFC9F336293}.Release|Any CPU.Build.0 = Release|Any CPU
		{0453B75B-3752-45E2-9463-CFFC9F336293}.Release|x64.ActiveCfg = Release|x64
		{0453B75B-3752-45E2-9463-CFFC9F336293}.Release|x64.Build.0 = Release|x64
		{0453B75B-3752-45E2-9463-CFFC9F336293}.Release|x86.ActiveCfg = Release|x86
		{0453B75B-3752-45E2-9463-CFFC9F336293}.Release|x86.Build.0 = Release|x86
		{0F4F9793-0472-49FA-B82B-6EF59CCDFB80}.Debug|Any CPU.ActiveCfg = Debug|Any CPU
		{0F4F9793-0472-49FA-B82B-6EF59CCDFB80}.Debug|Any CPU.Build.0 = Debug|Any CPU
		{0F4F9793-0472-49FA-B82B-6EF59CCDFB80}.Debug|x64.ActiveCfg = Debug|x64
		{0F4F9793-0472-49FA-B82B-6EF59CCDFB80}.Debug|x64.Build.0 = Debug|x64
		{0F4F9793-0472-49FA-B82B-6EF59CCDFB80}.Debug|x86.ActiveCfg = Debug|x86
		{0F4F9793-0472-49FA-B82B-6EF59CCDFB80}.Debug|x86.Build.0 = Debug|x86
		{0F4F9793-0472-49FA-B82B-6EF59CCDFB80}.Release|Any CPU.ActiveCfg = Release|Any CPU
		{0F4F9793-0472-49FA-B82B-6EF59CCDFB80}.Release|Any CPU.Build.0 = Release|Any CPU
		{0F4F9793-0472-49FA-B82B-6EF59CCDFB80}.Release|x64.ActiveCfg = Release|x64
		{0F4F9793-0472-49FA-B82B-6EF59CCDFB80}.Release|x64.Build.0 = Release|x64
		{0F4F9793-0472-49FA-B82B-6EF59CCDFB80}.Release|x86.ActiveCfg = Release|x86
		{0F4F9793-0472-49FA-B82B-6EF59CCDFB80}.Release|x86.Build.0 = Release|x86
		{EEC15D57-C6FB-4BC5-9A84-184F167AAB0E}.Debug|Any CPU.ActiveCfg = Debug|Any CPU
		{EEC15D57-C6FB-4BC5-9A84-184F167AAB0E}.Debug|Any CPU.Build.0 = Debug|Any CPU
		{EEC15D57-C6FB-4BC5-9A84-184F167AAB0E}.Debug|x64.ActiveCfg = Debug|x64
		{EEC15D57-C6FB-4BC5-9A84-184F167AAB0E}.Debug|x64.Build.0 = Debug|x64
		{EEC15D57-C6FB-4BC5-9A84-184F167AAB0E}.Debug|x86.ActiveCfg = Debug|x86
		{EEC15D57-C6FB-4BC5-9A84-184F167AAB0E}.Debug|x86.Build.0 = Debug|x86
		{EEC15D57-C6FB-4BC5-9A84-184F167AAB0E}.Release|Any CPU.ActiveCfg = Release|Any CPU
		{EEC15D57-C6FB-4BC5-9A84-184F167AAB0E}.Release|Any CPU.Build.0 = Release|Any CPU
		{EEC15D57-C6FB-4BC5-9A84-184F167AAB0E}.Release|x64.ActiveCfg = Release|x64
		{EEC15D57-C6FB-4BC5-9A84-184F167AAB0E}.Release|x64.Build.0 = Release|x64
		{EEC15D57-C6FB-4BC5-9A84-184F167AAB0E}.Release|x86.ActiveCfg = Release|x86
		{EEC15D57-C6FB-4BC5-9A84-184F167AAB0E}.Release|x86.Build.0 = Release|x86
		{69EC2EEC-9C95-4A4B-9CA6-E94AED400ECA}.Debug|Any CPU.ActiveCfg = Debug|Any CPU
		{69EC2EEC-9C95-4A4B-9CA6-E94AED400ECA}.Debug|Any CPU.Build.0 = Debug|Any CPU
		{69EC2EEC-9C95-4A4B-9CA6-E94AED400ECA}.Debug|x64.ActiveCfg = Debug|x64
		{69EC2EEC-9C95-4A4B-9CA6-E94AED400ECA}.Debug|x64.Build.0 = Debug|x64
		{69EC2EEC-9C95-4A4B-9CA6-E94AED400ECA}.Debug|x86.ActiveCfg = Debug|x86
		{69EC2EEC-9C95-4A4B-9CA6-E94AED400ECA}.Debug|x86.Build.0 = Debug|x86
		{69EC2EEC-9C95-4A4B-9CA6-E94AED400ECA}.Release|Any CPU.ActiveCfg = Release|Any CPU
		{69EC2EEC-9C95-4A4B-9CA6-E94AED400ECA}.Release|Any CPU.Build.0 = Release|Any CPU
		{69EC2EEC-9C95-4A4B-9CA6-E94AED400ECA}.Release|x64.ActiveCfg = Release|x64
		{69EC2EEC-9C95-4A4B-9CA6-E94AED400ECA}.Release|x64.Build.0 = Release|x64
		{69EC2EEC-9C95-4A4B-9CA6-E94AED400ECA}.Release|x86.ActiveCfg = Release|x86
		{69EC2EEC-9C95-4A4B-9CA6-E94AED400ECA}.Release|x86.Build.0 = Release|x86
		{EB2700BF-A24D-4455-9008-B0638B6DC8A8}.Debug|Any CPU.ActiveCfg = Debug|Any CPU
		{EB2700BF-A24D-4455-9008-B0638B6DC8A8}.Debug|Any CPU.Build.0 = Debug|Any CPU
		{EB2700BF-A24D-4455-9008-B0638B6DC8A8}.Debug|x64.ActiveCfg = Debug|x64
		{EB2700BF-A24D-4455-9008-B0638B6DC8A8}.Debug|x64.Build.0 = Debug|x64
		{EB2700BF-A24D-4455-9008-B0638B6DC8A8}.Debug|x86.ActiveCfg = Debug|x86
		{EB2700BF-A24D-4455-9008-B0638B6DC8A8}.Debug|x86.Build.0 = Debug|x86
		{EB2700BF-A24D-4455-9008-B0638B6DC8A8}.Release|Any CPU.ActiveCfg = Release|Any CPU
		{EB2700BF-A24D-4455-9008-B0638B6DC8A8}.Release|Any CPU.Build.0 = Release|Any CPU
		{EB2700BF-A24D-4455-9008-B0638B6DC8A8}.Release|x64.ActiveCfg = Release|x64
		{EB2700BF-A24D-4455-9008-B0638B6DC8A8}.Release|x64.Build.0 = Release|x64
		{EB2700BF-A24D-4455-9008-B0638B6DC8A8}.Release|x86.ActiveCfg = Release|x86
		{EB2700BF-A24D-4455-9008-B0638B6DC8A8}.Release|x86.Build.0 = Release|x86
		{84646B80-B236-40CB-BD56-DBE3464F1AA7}.Debug|Any CPU.ActiveCfg = Debug|Any CPU
		{84646B80-B236-40CB-BD56-DBE3464F1AA7}.Debug|Any CPU.Build.0 = Debug|Any CPU
		{84646B80-B236-40CB-BD56-DBE3464F1AA7}.Debug|x64.ActiveCfg = Debug|Any CPU
		{84646B80-B236-40CB-BD56-DBE3464F1AA7}.Debug|x64.Build.0 = Debug|Any CPU
		{84646B80-B236-40CB-BD56-DBE3464F1AA7}.Debug|x86.ActiveCfg = Debug|Any CPU
		{84646B80-B236-40CB-BD56-DBE3464F1AA7}.Debug|x86.Build.0 = Debug|Any CPU
		{84646B80-B236-40CB-BD56-DBE3464F1AA7}.Release|Any CPU.ActiveCfg = Release|Any CPU
		{84646B80-B236-40CB-BD56-DBE3464F1AA7}.Release|Any CPU.Build.0 = Release|Any CPU
		{84646B80-B236-40CB-BD56-DBE3464F1AA7}.Release|x64.ActiveCfg = Release|Any CPU
		{84646B80-B236-40CB-BD56-DBE3464F1AA7}.Release|x64.Build.0 = Release|Any CPU
		{84646B80-B236-40CB-BD56-DBE3464F1AA7}.Release|x86.ActiveCfg = Release|Any CPU
		{84646B80-B236-40CB-BD56-DBE3464F1AA7}.Release|x86.Build.0 = Release|Any CPU
	EndGlobalSection
	GlobalSection(SolutionProperties) = preSolution
		HideSolutionNode = FALSE
	EndGlobalSection
	GlobalSection(NestedProjects) = preSolution
		{248BA48A-4504-4CB3-97CA-918D0B250310} = {F2496212-7EE0-4494-A739-F4D824FCC4A1}
		{72DE337F-6F32-4E42-9CA3-3F4759275E1E} = {50D6D6B9-BDF7-48FB-BF46-99E8AA696755}
		{18910D15-46E8-4EA1-91E7-354A1036719B} = {D323591A-620B-4526-9524-759A264CC403}
		{F12A73EE-6A72-4B76-A617-2724E3C548A8} = {D323591A-620B-4526-9524-759A264CC403}
		{6E7C508D-83AD-4939-BD5A-B8C594B27134} = {D323591A-620B-4526-9524-759A264CC403}
		{0453B75B-3752-45E2-9463-CFFC9F336293} = {898452FA-EE0A-48F2-A101-055E150A8D03}
		{0F4F9793-0472-49FA-B82B-6EF59CCDFB80} = {898452FA-EE0A-48F2-A101-055E150A8D03}
		{EEC15D57-C6FB-4BC5-9A84-184F167AAB0E} = {898452FA-EE0A-48F2-A101-055E150A8D03}
		{69EC2EEC-9C95-4A4B-9CA6-E94AED400ECA} = {898452FA-EE0A-48F2-A101-055E150A8D03}
		{EB2700BF-A24D-4455-9008-B0638B6DC8A8} = {898452FA-EE0A-48F2-A101-055E150A8D03}
		{84646B80-B236-40CB-BD56-DBE3464F1AA7} = {D323591A-620B-4526-9524-759A264CC403}
	EndGlobalSection
	GlobalSection(ExtensibilityGlobals) = postSolution
		SolutionGuid = {A1F15161-4DBA-4D04-9D21-9E7834457610}
	EndGlobalSection
EndGlobal
